
Microsoft Visual Studio Solution File, Format Version 12.00
# Visual Studio Version 16
VisualStudioVersion = 16.0.30204.135
MinimumVisualStudioVersion = 10.0.40219.1
Project("{FAE04EC0-301F-11D3-BF4B-00C04F79EFBC}") = "McDonalds", "McDonalds\McDonalds.csproj", "{6E764E8E-023D-4266-90B4-EB1AFFB969CA}"
EndProject
Global
	GlobalSection(SolutionConfigurationPlatforms) = preSolution
		Debug|Any CPU = Debug|Any CPU
		Release|Any CPU = Release|Any CPU
	EndGlobalSection
	GlobalSection(ProjectConfigurationPlatforms) = postSolution
		{6E764E8E-023D-4266-90B4-EB1AFFB969CA}.Debug|Any CPU.ActiveCfg = Debug|Any CPU
		{6E764E8E-023D-4266-90B4-EB1AFFB969CA}.Debug|Any CPU.Build.0 = Debug|Any CPU
		{6E764E8E-023D-4266-90B4-EB1AFFB969CA}.Release|Any CPU.ActiveCfg = Release|Any CPU
		{6E764E8E-023D-4266-90B4-EB1AFFB969CA}.Release|Any CPU.Build.0 = Release|Any CPU
	EndGlobalSection
	GlobalSection(SolutionProperties) = preSolution
		HideSolutionNode = FALSE
	EndGlobalSection
	GlobalSection(ExtensibilityGlobals) = postSolution
		SolutionGuid = {95755D5F-AF42-4F1A-B26A-0F8558806E69}
	EndGlobalSection
EndGlobal
